
Microsoft Visual Studio Solution File, Format Version 12.00
# Visual Studio Version 17
VisualStudioVersion = 17.3.32901.215
MinimumVisualStudioVersion = 10.0.40219.1
Project("{2150E333-8FDC-42A3-9474-1A3956D46DE8}") = "src", "src", "{18B747B2-8B07-4829-AC01-BDA9DFDCA8A1}"
EndProject
Project("{2150E333-8FDC-42A3-9474-1A3956D46DE8}") = "Services", "Services", "{9FB2A015-61FA-4A38-8457-88922F66085E}"
EndProject
Project("{2150E333-8FDC-42A3-9474-1A3956D46DE8}") = "Identity", "Identity", "{60F0878C-0989-4621-B081-DB5583BD713D}"
EndProject
Project("{2150E333-8FDC-42A3-9474-1A3956D46DE8}") = "Tests", "Tests", "{D8ECE8C1-E00D-4790-8391-B889CBEBF6F8}"
EndProject
Project("{9A19103F-16F7-4668-BE54-9A1E7A4F7556}") = "Identity.API", "src\Services\Identity\Identity.API\Identity.API.csproj", "{00E9994F-907E-477F-BE8D-70BD2AD95B91}"
EndProject
Project("{9A19103F-16F7-4668-BE54-9A1E7A4F7556}") = "Identity.Domain", "src\Services\Identity\Identity.Domain\Identity.Domain.csproj", "{3FA75F1D-834D-4E95-A3CE-EBC1E569710F}"
EndProject
Project("{9A19103F-16F7-4668-BE54-9A1E7A4F7556}") = "Identity.Application", "src\Services\Identity\Identity.Application\Identity.Application.csproj", "{47F755EA-46E2-4F01-B2D8-7D363BE8CB79}"
EndProject
Project("{9A19103F-16F7-4668-BE54-9A1E7A4F7556}") = "Identity.Infrastructure", "src\Services\Identity\Identity.Infrastructure\Identity.Infrastructure.csproj", "{200274FD-59B1-4708-B1C3-FB3E9D0206C9}"
EndProject
Project("{2150E333-8FDC-42A3-9474-1A3956D46DE8}") = "Common", "Common", "{544011F2-0F0B-4E89-A0D6-540896BC7869}"
EndProject
Project("{9A19103F-16F7-4668-BE54-9A1E7A4F7556}") = "Fitness.Common", "src\Common\Fitness.Common\Fitness.Common.csproj", "{B7D4213F-AEC2-4007-BECA-6D45A4424A8B}"
EndProject
Project("{2150E333-8FDC-42A3-9474-1A3956D46DE8}") = "Database", "Database", "{2A7CB60A-79D7-4D3D-8F7A-715DEEF4FF4C}"
EndProject
Project("{2150E333-8FDC-42A3-9474-1A3956D46DE8}") = "IdentityDb", "IdentityDb", "{7A97FD73-21C4-4CDA-AF38-28BD35A762FE}"
	ProjectSection(SolutionItems) = preProject
		Identity-create-db.sql = Identity-create-db.sql
		Identity-create-storedProcedures.sql = Identity-create-storedProcedures.sql
		Identity-create-tables.sql = Identity-create-tables.sql
	EndProjectSection
EndProject
Project("{2150E333-8FDC-42A3-9474-1A3956D46DE8}") = "Docker", "Docker", "{A47A2932-F83B-4DAE-BD50-71C82AB7EF02}"
	ProjectSection(SolutionItems) = preProject
		.env = .env
		docker-compose.yml = docker-compose.yml
		entrypoint.sh = entrypoint.sh
		setupsql.sh = setupsql.sh
		sql.Dockerfile = sql.Dockerfile
	EndProjectSection
EndProject
Project("{2150E333-8FDC-42A3-9474-1A3956D46DE8}") = "Training", "Training", "{8EAF3E9E-4F5E-4DE6-9AD3-6B3E9368907F}"
EndProject
Project("{9A19103F-16F7-4668-BE54-9A1E7A4F7556}") = "Training.API", "src\Services\Training\Training.API\Training.API.csproj", "{91495425-CF90-45AD-8D3C-24E8B2716C49}"
EndProject
Project("{2150E333-8FDC-42A3-9474-1A3956D46DE8}") = "Tests", "Tests", "{39365B6A-E8A4-48DB-89D5-DBBE29F33164}"
EndProject
Project("{2150E333-8FDC-42A3-9474-1A3956D46DE8}") = "EventStoreDb", "EventStoreDb", "{E144686E-3CF0-454A-A43D-71A55E8A2CFC}"
	ProjectSection(SolutionItems) = preProject
		EventStore-create-db.sql = EventStore-create-db.sql
		EventStore-create-storedProcedures.sql = EventStore-create-storedProcedures.sql
		EventStore-create-tables.sql = EventStore-create-tables.sql
	EndProjectSection
EndProject
Global
	GlobalSection(SolutionConfigurationPlatforms) = preSolution
		Debug|Any CPU = Debug|Any CPU
		Release|Any CPU = Release|Any CPU
	EndGlobalSection
	GlobalSection(ProjectConfigurationPlatforms) = postSolution
		{00E9994F-907E-477F-BE8D-70BD2AD95B91}.Debug|Any CPU.ActiveCfg = Debug|Any CPU
		{00E9994F-907E-477F-BE8D-70BD2AD95B91}.Debug|Any CPU.Build.0 = Debug|Any CPU
		{00E9994F-907E-477F-BE8D-70BD2AD95B91}.Release|Any CPU.ActiveCfg = Release|Any CPU
		{00E9994F-907E-477F-BE8D-70BD2AD95B91}.Release|Any CPU.Build.0 = Release|Any CPU
		{3FA75F1D-834D-4E95-A3CE-EBC1E569710F}.Debug|Any CPU.ActiveCfg = Debug|Any CPU
		{3FA75F1D-834D-4E95-A3CE-EBC1E569710F}.Debug|Any CPU.Build.0 = Debug|Any CPU
		{3FA75F1D-834D-4E95-A3CE-EBC1E569710F}.Release|Any CPU.ActiveCfg = Release|Any CPU
		{3FA75F1D-834D-4E95-A3CE-EBC1E569710F}.Release|Any CPU.Build.0 = Release|Any CPU
		{47F755EA-46E2-4F01-B2D8-7D363BE8CB79}.Debug|Any CPU.ActiveCfg = Debug|Any CPU
		{47F755EA-46E2-4F01-B2D8-7D363BE8CB79}.Debug|Any CPU.Build.0 = Debug|Any CPU
		{47F755EA-46E2-4F01-B2D8-7D363BE8CB79}.Release|Any CPU.ActiveCfg = Release|Any CPU
		{47F755EA-46E2-4F01-B2D8-7D363BE8CB79}.Release|Any CPU.Build.0 = Release|Any CPU
		{200274FD-59B1-4708-B1C3-FB3E9D0206C9}.Debug|Any CPU.ActiveCfg = Debug|Any CPU
		{200274FD-59B1-4708-B1C3-FB3E9D0206C9}.Debug|Any CPU.Build.0 = Debug|Any CPU
		{200274FD-59B1-4708-B1C3-FB3E9D0206C9}.Release|Any CPU.ActiveCfg = Release|Any CPU
		{200274FD-59B1-4708-B1C3-FB3E9D0206C9}.Release|Any CPU.Build.0 = Release|Any CPU
		{B7D4213F-AEC2-4007-BECA-6D45A4424A8B}.Debug|Any CPU.ActiveCfg = Debug|Any CPU
		{B7D4213F-AEC2-4007-BECA-6D45A4424A8B}.Debug|Any CPU.Build.0 = Debug|Any CPU
		{B7D4213F-AEC2-4007-BECA-6D45A4424A8B}.Release|Any CPU.ActiveCfg = Release|Any CPU
		{B7D4213F-AEC2-4007-BECA-6D45A4424A8B}.Release|Any CPU.Build.0 = Release|Any CPU
		{91495425-CF90-45AD-8D3C-24E8B2716C49}.Debug|Any CPU.ActiveCfg = Debug|Any CPU
		{91495425-CF90-45AD-8D3C-24E8B2716C49}.Debug|Any CPU.Build.0 = Debug|Any CPU
		{91495425-CF90-45AD-8D3C-24E8B2716C49}.Release|Any CPU.ActiveCfg = Release|Any CPU
		{91495425-CF90-45AD-8D3C-24E8B2716C49}.Release|Any CPU.Build.0 = Release|Any CPU
	EndGlobalSection
	GlobalSection(SolutionProperties) = preSolution
		HideSolutionNode = FALSE
	EndGlobalSection
	GlobalSection(NestedProjects) = preSolution
		{9FB2A015-61FA-4A38-8457-88922F66085E} = {18B747B2-8B07-4829-AC01-BDA9DFDCA8A1}
		{60F0878C-0989-4621-B081-DB5583BD713D} = {9FB2A015-61FA-4A38-8457-88922F66085E}
		{D8ECE8C1-E00D-4790-8391-B889CBEBF6F8} = {60F0878C-0989-4621-B081-DB5583BD713D}
		{00E9994F-907E-477F-BE8D-70BD2AD95B91} = {60F0878C-0989-4621-B081-DB5583BD713D}
		{3FA75F1D-834D-4E95-A3CE-EBC1E569710F} = {60F0878C-0989-4621-B081-DB5583BD713D}
		{47F755EA-46E2-4F01-B2D8-7D363BE8CB79} = {60F0878C-0989-4621-B081-DB5583BD713D}
		{200274FD-59B1-4708-B1C3-FB3E9D0206C9} = {60F0878C-0989-4621-B081-DB5583BD713D}
		{544011F2-0F0B-4E89-A0D6-540896BC7869} = {18B747B2-8B07-4829-AC01-BDA9DFDCA8A1}
		{B7D4213F-AEC2-4007-BECA-6D45A4424A8B} = {544011F2-0F0B-4E89-A0D6-540896BC7869}
		{2A7CB60A-79D7-4D3D-8F7A-715DEEF4FF4C} = {18B747B2-8B07-4829-AC01-BDA9DFDCA8A1}
		{7A97FD73-21C4-4CDA-AF38-28BD35A762FE} = {2A7CB60A-79D7-4D3D-8F7A-715DEEF4FF4C}
		{A47A2932-F83B-4DAE-BD50-71C82AB7EF02} = {18B747B2-8B07-4829-AC01-BDA9DFDCA8A1}
		{8EAF3E9E-4F5E-4DE6-9AD3-6B3E9368907F} = {9FB2A015-61FA-4A38-8457-88922F66085E}
		{91495425-CF90-45AD-8D3C-24E8B2716C49} = {8EAF3E9E-4F5E-4DE6-9AD3-6B3E9368907F}
		{39365B6A-E8A4-48DB-89D5-DBBE29F33164} = {8EAF3E9E-4F5E-4DE6-9AD3-6B3E9368907F}
		{E144686E-3CF0-454A-A43D-71A55E8A2CFC} = {2A7CB60A-79D7-4D3D-8F7A-715DEEF4FF4C}
	EndGlobalSection
	GlobalSection(ExtensibilityGlobals) = postSolution
		SolutionGuid = {7A11E29D-7840-4036-BB83-8BBD277BE9E2}
	EndGlobalSection
EndGlobal
