
Microsoft Visual Studio Solution File, Format Version 12.00
# Visual Studio Version 17
VisualStudioVersion = 17.3.32901.215
MinimumVisualStudioVersion = 10.0.40219.1
Project("{2150E333-8FDC-42A3-9474-1A3956D46DE8}") = "src", "src", "{18B747B2-8B07-4829-AC01-BDA9DFDCA8A1}"
EndProject
Project("{2150E333-8FDC-42A3-9474-1A3956D46DE8}") = "Services", "Services", "{9FB2A015-61FA-4A38-8457-88922F66085E}"
EndProject
Project("{2150E333-8FDC-42A3-9474-1A3956D46DE8}") = "Identity", "Identity", "{60F0878C-0989-4621-B081-DB5583BD713D}"
EndProject
Project("{2150E333-8FDC-42A3-9474-1A3956D46DE8}") = "Tests", "Tests", "{D8ECE8C1-E00D-4790-8391-B889CBEBF6F8}"
EndProject
Project("{9A19103F-16F7-4668-BE54-9A1E7A4F7556}") = "Identity.API", "src\Services\Identity\Identity.API\Identity.API.csproj", "{00E9994F-907E-477F-BE8D-70BD2AD95B91}"
EndProject
Project("{9A19103F-16F7-4668-BE54-9A1E7A4F7556}") = "Identity.Domain", "src\Services\Identity\Identity.Domain\Identity.Domain.csproj", "{3FA75F1D-834D-4E95-A3CE-EBC1E569710F}"
EndProject
Project("{9A19103F-16F7-4668-BE54-9A1E7A4F7556}") = "Identity.Application", "src\Services\Identity\Identity.Application\Identity.Application.csproj", "{47F755EA-46E2-4F01-B2D8-7D363BE8CB79}"
EndProject
Project("{9A19103F-16F7-4668-BE54-9A1E7A4F7556}") = "Identity.Infrastructure", "src\Services\Identity\Identity.Infrastructure\Identity.Infrastructure.csproj", "{200274FD-59B1-4708-B1C3-FB3E9D0206C9}"
EndProject
Project("{2150E333-8FDC-42A3-9474-1A3956D46DE8}") = "Common", "Common", "{544011F2-0F0B-4E89-A0D6-540896BC7869}"
EndProject
Project("{9A19103F-16F7-4668-BE54-9A1E7A4F7556}") = "Fitness.Common", "src\Common\Fitness.Common\Fitness.Common.csproj", "{B7D4213F-AEC2-4007-BECA-6D45A4424A8B}"
EndProject
Project("{2150E333-8FDC-42A3-9474-1A3956D46DE8}") = "Training", "Training", "{8EAF3E9E-4F5E-4DE6-9AD3-6B3E9368907F}"
EndProject
Project("{9A19103F-16F7-4668-BE54-9A1E7A4F7556}") = "Training.API", "src\Services\Training\Training.API\Training.API.csproj", "{91495425-CF90-45AD-8D3C-24E8B2716C49}"
EndProject
Project("{2150E333-8FDC-42A3-9474-1A3956D46DE8}") = "Tests", "Tests", "{39365B6A-E8A4-48DB-89D5-DBBE29F33164}"
EndProject
Project("{2150E333-8FDC-42A3-9474-1A3956D46DE8}") = "Enrollment", "Enrollment", "{BB19C004-A165-42B5-8C48-E05AD14B62C4}"
EndProject
Project("{9A19103F-16F7-4668-BE54-9A1E7A4F7556}") = "Enrollment.API", "src\Services\Enrollment\Enrollment.API\Enrollment.API.csproj", "{217924C8-2C73-42EC-8267-F42CBBB448C6}"
EndProject
Project("{9A19103F-16F7-4668-BE54-9A1E7A4F7556}") = "Enrollment.Application", "src\Services\Enrollment\Enrollment.Application\Enrollment.Application.csproj", "{DA59D87D-7DA6-4D3A-956C-1FA03FBC633F}"
EndProject
Project("{9A19103F-16F7-4668-BE54-9A1E7A4F7556}") = "Enrollment.Infrastructure", "src\Services\Enrollment\Enrollment.Infrastructure\Enrollment.Infrastructure.csproj", "{53A8E014-DA9E-47AA-B4FF-6207501A7E7D}"
EndProject
Project("{9A19103F-16F7-4668-BE54-9A1E7A4F7556}") = "Training.IntegrationTests", "src\Services\Training\Tests\Training.IntegrationTests\Training.IntegrationTests.csproj", "{9C60FEE9-7B63-4885-A90C-3BE179C85547}"
EndProject
Project("{9A19103F-16F7-4668-BE54-9A1E7A4F7556}") = "Identity.IntegrationTests", "src\Services\Identity\Tests\Identity.IntegrationTests\Identity.IntegrationTests.csproj", "{B346BAE7-6B07-48EF-8816-FAAE5EA89684}"
EndProject
Project("{2150E333-8FDC-42A3-9474-1A3956D46DE8}") = "Tests", "Tests", "{137710BB-62FC-4D25-A773-C0D7DE11F731}"
EndProject
Project("{9A19103F-16F7-4668-BE54-9A1E7A4F7556}") = "Enrollment.IntegrationTests", "src\Services\Enrollment\Tests\Enrollment.IntegrationTests\Enrollment.IntegrationTests.csproj", "{E6E409DD-0E2C-4403-A7FE-98E24A3C4536}"
EndProject
Project("{2150E333-8FDC-42A3-9474-1A3956D46DE8}") = "Exercise", "Exercise", "{34A9D116-EEFF-4AB2-9A6D-9110E16D6987}"
EndProject
Project("{9A19103F-16F7-4668-BE54-9A1E7A4F7556}") = "Exercise.API", "src\Services\Exercise\Exercise.API\Exercise.API.csproj", "{48A7016E-DCAD-432C-B2C6-C45CE838A279}"
EndProject
Project("{2150E333-8FDC-42A3-9474-1A3956D46DE8}") = "Opinion", "Opinion", "{D6D139D4-67F4-4F55-A856-F4076E2A7543}"
EndProject
Project("{9A19103F-16F7-4668-BE54-9A1E7A4F7556}") = "Opinion.API", "src\Services\Opinion\Opinion.API\Opinion.API.csproj", "{4BA5533A-16CC-4C76-9FD6-44089786CC19}"
EndProject
Project("{FAE04EC0-301F-11D3-BF4B-00C04F79EFBC}") = "Exercise.Application", "src\Services\Exercise\Exercise.Application\Exercise.Application.csproj", "{D1B2DB83-9798-4A49-9BE2-E6B7C8235503}"
EndProject
Project("{FAE04EC0-301F-11D3-BF4B-00C04F79EFBC}") = "Exercise.Domain", "src\Services\Exercise\Exercise.Domain\Exercise.Domain.csproj", "{46FAE9F5-9072-47C6-A6DE-0BA1BBD63524}"
EndProject
Project("{FAE04EC0-301F-11D3-BF4B-00C04F79EFBC}") = "Exercise.Infrastructure", "src\Services\Exercise\Exercise.Infrastructure\Exercise.Infrastructure.csproj", "{E7F23232-77AC-4E07-A447-AC847FEACC19}"
EndProject
Project("{2150E333-8FDC-42A3-9474-1A3956D46DE8}") = "Tests", "Tests", "{92BB7FBB-362C-4A37-B57F-F78CA8BA7087}"
EndProject
Global
	GlobalSection(SolutionConfigurationPlatforms) = preSolution
		Debug|Any CPU = Debug|Any CPU
		Release|Any CPU = Release|Any CPU
	EndGlobalSection
	GlobalSection(ProjectConfigurationPlatforms) = postSolution
		{00E9994F-907E-477F-BE8D-70BD2AD95B91}.Debug|Any CPU.ActiveCfg = Debug|Any CPU
		{00E9994F-907E-477F-BE8D-70BD2AD95B91}.Debug|Any CPU.Build.0 = Debug|Any CPU
		{00E9994F-907E-477F-BE8D-70BD2AD95B91}.Release|Any CPU.ActiveCfg = Release|Any CPU
		{00E9994F-907E-477F-BE8D-70BD2AD95B91}.Release|Any CPU.Build.0 = Release|Any CPU
		{3FA75F1D-834D-4E95-A3CE-EBC1E569710F}.Debug|Any CPU.ActiveCfg = Debug|Any CPU
		{3FA75F1D-834D-4E95-A3CE-EBC1E569710F}.Debug|Any CPU.Build.0 = Debug|Any CPU
		{3FA75F1D-834D-4E95-A3CE-EBC1E569710F}.Release|Any CPU.ActiveCfg = Release|Any CPU
		{3FA75F1D-834D-4E95-A3CE-EBC1E569710F}.Release|Any CPU.Build.0 = Release|Any CPU
		{47F755EA-46E2-4F01-B2D8-7D363BE8CB79}.Debug|Any CPU.ActiveCfg = Debug|Any CPU
		{47F755EA-46E2-4F01-B2D8-7D363BE8CB79}.Debug|Any CPU.Build.0 = Debug|Any CPU
		{47F755EA-46E2-4F01-B2D8-7D363BE8CB79}.Release|Any CPU.ActiveCfg = Release|Any CPU
		{47F755EA-46E2-4F01-B2D8-7D363BE8CB79}.Release|Any CPU.Build.0 = Release|Any CPU
		{200274FD-59B1-4708-B1C3-FB3E9D0206C9}.Debug|Any CPU.ActiveCfg = Debug|Any CPU
		{200274FD-59B1-4708-B1C3-FB3E9D0206C9}.Debug|Any CPU.Build.0 = Debug|Any CPU
		{200274FD-59B1-4708-B1C3-FB3E9D0206C9}.Release|Any CPU.ActiveCfg = Release|Any CPU
		{200274FD-59B1-4708-B1C3-FB3E9D0206C9}.Release|Any CPU.Build.0 = Release|Any CPU
		{B7D4213F-AEC2-4007-BECA-6D45A4424A8B}.Debug|Any CPU.ActiveCfg = Debug|Any CPU
		{B7D4213F-AEC2-4007-BECA-6D45A4424A8B}.Debug|Any CPU.Build.0 = Debug|Any CPU
		{B7D4213F-AEC2-4007-BECA-6D45A4424A8B}.Release|Any CPU.ActiveCfg = Release|Any CPU
		{B7D4213F-AEC2-4007-BECA-6D45A4424A8B}.Release|Any CPU.Build.0 = Release|Any CPU
		{91495425-CF90-45AD-8D3C-24E8B2716C49}.Debug|Any CPU.ActiveCfg = Debug|Any CPU
		{91495425-CF90-45AD-8D3C-24E8B2716C49}.Debug|Any CPU.Build.0 = Debug|Any CPU
		{91495425-CF90-45AD-8D3C-24E8B2716C49}.Release|Any CPU.ActiveCfg = Release|Any CPU
		{91495425-CF90-45AD-8D3C-24E8B2716C49}.Release|Any CPU.Build.0 = Release|Any CPU
		{217924C8-2C73-42EC-8267-F42CBBB448C6}.Debug|Any CPU.ActiveCfg = Debug|Any CPU
		{217924C8-2C73-42EC-8267-F42CBBB448C6}.Debug|Any CPU.Build.0 = Debug|Any CPU
		{217924C8-2C73-42EC-8267-F42CBBB448C6}.Release|Any CPU.ActiveCfg = Release|Any CPU
		{217924C8-2C73-42EC-8267-F42CBBB448C6}.Release|Any CPU.Build.0 = Release|Any CPU
		{DA59D87D-7DA6-4D3A-956C-1FA03FBC633F}.Debug|Any CPU.ActiveCfg = Debug|Any CPU
		{DA59D87D-7DA6-4D3A-956C-1FA03FBC633F}.Debug|Any CPU.Build.0 = Debug|Any CPU
		{DA59D87D-7DA6-4D3A-956C-1FA03FBC633F}.Release|Any CPU.ActiveCfg = Release|Any CPU
		{DA59D87D-7DA6-4D3A-956C-1FA03FBC633F}.Release|Any CPU.Build.0 = Release|Any CPU
		{53A8E014-DA9E-47AA-B4FF-6207501A7E7D}.Debug|Any CPU.ActiveCfg = Debug|Any CPU
		{53A8E014-DA9E-47AA-B4FF-6207501A7E7D}.Debug|Any CPU.Build.0 = Debug|Any CPU
		{53A8E014-DA9E-47AA-B4FF-6207501A7E7D}.Release|Any CPU.ActiveCfg = Release|Any CPU
		{53A8E014-DA9E-47AA-B4FF-6207501A7E7D}.Release|Any CPU.Build.0 = Release|Any CPU
		{9C60FEE9-7B63-4885-A90C-3BE179C85547}.Debug|Any CPU.ActiveCfg = Debug|Any CPU
		{9C60FEE9-7B63-4885-A90C-3BE179C85547}.Debug|Any CPU.Build.0 = Debug|Any CPU
		{9C60FEE9-7B63-4885-A90C-3BE179C85547}.Release|Any CPU.ActiveCfg = Release|Any CPU
		{9C60FEE9-7B63-4885-A90C-3BE179C85547}.Release|Any CPU.Build.0 = Release|Any CPU
		{B346BAE7-6B07-48EF-8816-FAAE5EA89684}.Debug|Any CPU.ActiveCfg = Debug|Any CPU
		{B346BAE7-6B07-48EF-8816-FAAE5EA89684}.Debug|Any CPU.Build.0 = Debug|Any CPU
		{B346BAE7-6B07-48EF-8816-FAAE5EA89684}.Release|Any CPU.ActiveCfg = Release|Any CPU
		{B346BAE7-6B07-48EF-8816-FAAE5EA89684}.Release|Any CPU.Build.0 = Release|Any CPU
		{E6E409DD-0E2C-4403-A7FE-98E24A3C4536}.Debug|Any CPU.ActiveCfg = Debug|Any CPU
		{E6E409DD-0E2C-4403-A7FE-98E24A3C4536}.Debug|Any CPU.Build.0 = Debug|Any CPU
		{E6E409DD-0E2C-4403-A7FE-98E24A3C4536}.Release|Any CPU.ActiveCfg = Release|Any CPU
		{E6E409DD-0E2C-4403-A7FE-98E24A3C4536}.Release|Any CPU.Build.0 = Release|Any CPU
		{48A7016E-DCAD-432C-B2C6-C45CE838A279}.Debug|Any CPU.ActiveCfg = Debug|Any CPU
		{48A7016E-DCAD-432C-B2C6-C45CE838A279}.Debug|Any CPU.Build.0 = Debug|Any CPU
		{48A7016E-DCAD-432C-B2C6-C45CE838A279}.Release|Any CPU.ActiveCfg = Release|Any CPU
		{48A7016E-DCAD-432C-B2C6-C45CE838A279}.Release|Any CPU.Build.0 = Release|Any CPU
		{4BA5533A-16CC-4C76-9FD6-44089786CC19}.Debug|Any CPU.ActiveCfg = Debug|Any CPU
		{4BA5533A-16CC-4C76-9FD6-44089786CC19}.Debug|Any CPU.Build.0 = Debug|Any CPU
		{4BA5533A-16CC-4C76-9FD6-44089786CC19}.Release|Any CPU.ActiveCfg = Release|Any CPU
		{4BA5533A-16CC-4C76-9FD6-44089786CC19}.Release|Any CPU.Build.0 = Release|Any CPU
		{D1B2DB83-9798-4A49-9BE2-E6B7C8235503}.Debug|Any CPU.ActiveCfg = Debug|Any CPU
		{D1B2DB83-9798-4A49-9BE2-E6B7C8235503}.Debug|Any CPU.Build.0 = Debug|Any CPU
		{D1B2DB83-9798-4A49-9BE2-E6B7C8235503}.Release|Any CPU.ActiveCfg = Release|Any CPU
		{D1B2DB83-9798-4A49-9BE2-E6B7C8235503}.Release|Any CPU.Build.0 = Release|Any CPU
		{46FAE9F5-9072-47C6-A6DE-0BA1BBD63524}.Debug|Any CPU.ActiveCfg = Debug|Any CPU
		{46FAE9F5-9072-47C6-A6DE-0BA1BBD63524}.Debug|Any CPU.Build.0 = Debug|Any CPU
		{46FAE9F5-9072-47C6-A6DE-0BA1BBD63524}.Release|Any CPU.ActiveCfg = Release|Any CPU
		{46FAE9F5-9072-47C6-A6DE-0BA1BBD63524}.Release|Any CPU.Build.0 = Release|Any CPU
		{E7F23232-77AC-4E07-A447-AC847FEACC19}.Debug|Any CPU.ActiveCfg = Debug|Any CPU
		{E7F23232-77AC-4E07-A447-AC847FEACC19}.Debug|Any CPU.Build.0 = Debug|Any CPU
		{E7F23232-77AC-4E07-A447-AC847FEACC19}.Release|Any CPU.ActiveCfg = Release|Any CPU
		{E7F23232-77AC-4E07-A447-AC847FEACC19}.Release|Any CPU.Build.0 = Release|Any CPU
	EndGlobalSection
	GlobalSection(SolutionProperties) = preSolution
		HideSolutionNode = FALSE
	EndGlobalSection
	GlobalSection(NestedProjects) = preSolution
		{9FB2A015-61FA-4A38-8457-88922F66085E} = {18B747B2-8B07-4829-AC01-BDA9DFDCA8A1}
		{60F0878C-0989-4621-B081-DB5583BD713D} = {9FB2A015-61FA-4A38-8457-88922F66085E}
		{D8ECE8C1-E00D-4790-8391-B889CBEBF6F8} = {60F0878C-0989-4621-B081-DB5583BD713D}
		{00E9994F-907E-477F-BE8D-70BD2AD95B91} = {60F0878C-0989-4621-B081-DB5583BD713D}
		{3FA75F1D-834D-4E95-A3CE-EBC1E569710F} = {60F0878C-0989-4621-B081-DB5583BD713D}
		{47F755EA-46E2-4F01-B2D8-7D363BE8CB79} = {60F0878C-0989-4621-B081-DB5583BD713D}
		{200274FD-59B1-4708-B1C3-FB3E9D0206C9} = {60F0878C-0989-4621-B081-DB5583BD713D}
		{544011F2-0F0B-4E89-A0D6-540896BC7869} = {18B747B2-8B07-4829-AC01-BDA9DFDCA8A1}
		{B7D4213F-AEC2-4007-BECA-6D45A4424A8B} = {544011F2-0F0B-4E89-A0D6-540896BC7869}
		{8EAF3E9E-4F5E-4DE6-9AD3-6B3E9368907F} = {9FB2A015-61FA-4A38-8457-88922F66085E}
		{91495425-CF90-45AD-8D3C-24E8B2716C49} = {8EAF3E9E-4F5E-4DE6-9AD3-6B3E9368907F}
		{39365B6A-E8A4-48DB-89D5-DBBE29F33164} = {8EAF3E9E-4F5E-4DE6-9AD3-6B3E9368907F}
		{BB19C004-A165-42B5-8C48-E05AD14B62C4} = {9FB2A015-61FA-4A38-8457-88922F66085E}
		{217924C8-2C73-42EC-8267-F42CBBB448C6} = {BB19C004-A165-42B5-8C48-E05AD14B62C4}
		{DA59D87D-7DA6-4D3A-956C-1FA03FBC633F} = {BB19C004-A165-42B5-8C48-E05AD14B62C4}
		{53A8E014-DA9E-47AA-B4FF-6207501A7E7D} = {BB19C004-A165-42B5-8C48-E05AD14B62C4}
		{9C60FEE9-7B63-4885-A90C-3BE179C85547} = {39365B6A-E8A4-48DB-89D5-DBBE29F33164}
		{B346BAE7-6B07-48EF-8816-FAAE5EA89684} = {D8ECE8C1-E00D-4790-8391-B889CBEBF6F8}
		{137710BB-62FC-4D25-A773-C0D7DE11F731} = {BB19C004-A165-42B5-8C48-E05AD14B62C4}
		{E6E409DD-0E2C-4403-A7FE-98E24A3C4536} = {137710BB-62FC-4D25-A773-C0D7DE11F731}
		{34A9D116-EEFF-4AB2-9A6D-9110E16D6987} = {9FB2A015-61FA-4A38-8457-88922F66085E}
		{48A7016E-DCAD-432C-B2C6-C45CE838A279} = {34A9D116-EEFF-4AB2-9A6D-9110E16D6987}
		{D6D139D4-67F4-4F55-A856-F4076E2A7543} = {9FB2A015-61FA-4A38-8457-88922F66085E}
		{4BA5533A-16CC-4C76-9FD6-44089786CC19} = {D6D139D4-67F4-4F55-A856-F4076E2A7543}
		{D1B2DB83-9798-4A49-9BE2-E6B7C8235503} = {34A9D116-EEFF-4AB2-9A6D-9110E16D6987}
		{46FAE9F5-9072-47C6-A6DE-0BA1BBD63524} = {34A9D116-EEFF-4AB2-9A6D-9110E16D6987}
		{E7F23232-77AC-4E07-A447-AC847FEACC19} = {34A9D116-EEFF-4AB2-9A6D-9110E16D6987}
		{92BB7FBB-362C-4A37-B57F-F78CA8BA7087} = {34A9D116-EEFF-4AB2-9A6D-9110E16D6987}
	EndGlobalSection
	GlobalSection(ExtensibilityGlobals) = postSolution
		SolutionGuid = {7A11E29D-7840-4036-BB83-8BBD277BE9E2}
	EndGlobalSection
EndGlobal
